# AUTO-GENERATED (registry-manifest.lock) — коммитится как package-lock.
# Перегенерация: python3 compiler.py lock. Проверка: python3 compiler.py verify.
manifest_hash: 877fa3a98b9d07bd38d08e142e4c542530ada79744d01c7481bac02f5f810604
sources:
- id: content:DP.SC.050
  path: PACK-digital-platform/pack/digital-platform/02-domain-entities/communication-style-base.md
  sha256: e59fb9df0e4eaa07513a2812bc15e2d173b403f49cb7d32cc7530cedee58082f
- id: content:DP.SC.172
  path: PACK-digital-platform/pack/digital-platform/02-domain-entities/engineering-code-style-base.md
  sha256: 074a3175013bc4cfac4ddb1c57bc7b2f89303f7fb767fd0e7fd7f090d239c278
- id: content:L1.code-style
  path: DS-my-strategy/memory/code-style-author.md
  sha256: 6791805f55ecf87e5880c691bc9cba03b25e3bdd305c5e64ca4602ccb2cbea8e
- id: content:L1.communication
  path: DS-my-strategy/memory/communication-style-author.md
  sha256: c93673b8fea565543fae4b96bed39ada1453172ec4dfc85381acf70791a4da22
- id: content:LS.academic-guide
  path: PACK-rhetoric/pack/language-style/02-domain-entities/LS.D.004-academic-guide-style.md
  sha256: 9744c8c209940afeff006a96cc2a017ca5f08164d3cbef74379fe761abf7759c
- id: content:LS.agent-agent
  path: PACK-rhetoric/pack/language-style/02-domain-entities/LS.D.003-agent-agent-style.md
  sha256: 1966a40ed8d8ae27a24b417b20c7582878a26f5be2d8b527fa3403b2e7d5cf1c
- id: extra:genre-template-en-guide
  path: PACK-rhetoric/pack/language-style/genre-template/en/guide.md
  sha256: 11974074513a494c78c36cbe111c76b8eea9de6e65d0ab6248c762773ffc85d0
- id: extra:genre-template-en-post
  path: PACK-rhetoric/pack/language-style/genre-template/en/post.md
  sha256: 4ccffd78ce553979cb85d79bb7a058a694c431e07aba2a8f305747be264f4d73
- id: extra:genre-template-ru-guide
  path: PACK-rhetoric/pack/language-style/genre-template/ru/guide.md
  sha256: aaba3a311f7965b74a1bf05680f417c64834c5794a7982c4b95bfbb9373e200e
- id: extra:genre-template-ru-post
  path: PACK-rhetoric/pack/language-style/genre-template/ru/post.md
  sha256: 2131b0fd3a33bfa6ae0b02e6d677fcd1cfb457be7378059d2050edecd6dd6e09
- id: extra:presets
  path: PACK-rhetoric/pack/language-style/presets.yaml
  sha256: 75dcba56d125a707a2849a575aa8c1b210c95d6d11d2c8083b583009aa13ce06
- id: overlay:author:overlays/author/code.yaml
  path: PACK-rhetoric/pack/language-style/overlays/author/code.yaml
  sha256: 4c7a09f2152b06eb7afde98bc84b178903971ae75630c5443bfd433f2ea57748
- id: overlay:author:overlays/author/conversational.yaml
  path: PACK-rhetoric/pack/language-style/overlays/author/conversational.yaml
  sha256: beac38d24bdaa1946625bcf172577b95229b3ad96e31ab2348b7914aa6f3d6af
- id: overlay:domain:overlays/domain/personal-development.yaml
  path: PACK-rhetoric/pack/language-style/overlays/domain/personal-development.yaml
  sha256: 5735b2fbc64d09e86d410868c1fa24268522b1a3a01bd14b73d8918a39422dd2
- id: overlay:genre:overlays/genre/commit.yaml
  path: PACK-rhetoric/pack/language-style/overlays/genre/commit.yaml
  sha256: af2766fd9876e0abbe2a81243a59754efc54c849fab14f8edbc18183adb6692e
- id: overlay:genre:overlays/genre/handoff.yaml
  path: PACK-rhetoric/pack/language-style/overlays/genre/handoff.yaml
  sha256: a368dfcaf18f7607b6931c2bf0dca6adc146c9ef7689d9ad287955ff975b2214
- id: overlay:genre:overlays/genre/pr.yaml
  path: PACK-rhetoric/pack/language-style/overlays/genre/pr.yaml
  sha256: ff331bc98c4327ff88ae962d4a3f54f5df602ef2114d9753a5b6858e8ffa8acc
- id: overlay:genre:overlays/genre/task-contract.yaml
  path: PACK-rhetoric/pack/language-style/overlays/genre/task-contract.yaml
  sha256: ab8221229a2355e0f3bc151d5a77d6de48ee8100756e6d7db9a976d3fd54a3d7
- id: overlay:market:overlays/market/audience-systems-thinkers.yaml
  path: PACK-rhetoric/pack/language-style/overlays/market/audience-systems-thinkers.yaml
  sha256: 7b61d30dc111062f48684bc03e8289a0d9fd0a52cd68400b939b2d756f16068e
- id: overlay:market:overlays/market/ru.yaml
  path: PACK-rhetoric/pack/language-style/overlays/market/ru.yaml
  sha256: 450ff5b929dfc16636fde4a8a023d1184c0f197ff3ed15b20317a6e8b284db66
- id: slot:05-formalizations/LS.FORM.000-register-base.ru.md
  path: PACK-rhetoric/pack/language-style/05-formalizations/LS.FORM.000-register-base.ru.md
  sha256: 8077ee2341eb0ad384aa20e3409aa1e7097efcf68bcecb3547f5da4af6527874
- id: slot:05-formalizations/LS.FORM.001-register-pilot-ide.ru.md
  path: PACK-rhetoric/pack/language-style/05-formalizations/LS.FORM.001-register-pilot-ide.ru.md
  sha256: fcdf5c3a839f75818f4f4c7f650a85307a6ddf67bfe9f82d1a44eb2285d91d4e
- id: slot:05-formalizations/LS.FORM.002-register-code-developer.ru.md
  path: PACK-rhetoric/pack/language-style/05-formalizations/LS.FORM.002-register-code-developer.ru.md
  sha256: bd3775c73956408aeca1f6ef46db47cf71e067ecf004cd73bbe6309a4e09e312
- id: slot:05-formalizations/LS.FORM.003-register-peer-transcript.ru.md
  path: PACK-rhetoric/pack/language-style/05-formalizations/LS.FORM.003-register-peer-transcript.ru.md
  sha256: aa3b6dc6ef51a3de84b0161a7ddd6f4f42f9f6ceaa176f8ae0dd36015eee62f5
- id: slot:05-formalizations/LS.FORM.004-register-handoff.ru.md
  path: PACK-rhetoric/pack/language-style/05-formalizations/LS.FORM.004-register-handoff.ru.md
  sha256: edfd840f902d98bf070b8337a7ba72dfde97fb8010fa9d0d09ee6d9fff3d211a
- id: slot:05-formalizations/LS.FORM.005-register-task-contract.ru.md
  path: PACK-rhetoric/pack/language-style/05-formalizations/LS.FORM.005-register-task-contract.ru.md
  sha256: cf381f2a6579773962b2e0f4553d80ceca89dd92779e24cb852942ff96468d0c
- id: slot:05-formalizations/LS.FORM.006-register-commit.ru.md
  path: PACK-rhetoric/pack/language-style/05-formalizations/LS.FORM.006-register-commit.ru.md
  sha256: 21fe030cc1f6bd4693306693be795bf722e08330959b4795afaae3cb11ea5b73
- id: slot:05-formalizations/LS.FORM.007-register-pr.ru.md
  path: PACK-rhetoric/pack/language-style/05-formalizations/LS.FORM.007-register-pr.ru.md
  sha256: 95a56e0702db86581dcb44fe5859209dbd83b06b9aeefd5969625988ed435963
- id: slot:05-formalizations/LS.FORM.008-register-post.ru.md
  path: PACK-rhetoric/pack/language-style/05-formalizations/LS.FORM.008-register-post.ru.md
  sha256: 6832305d26176b2da439a0de80897bc6a7697a55d1c253aa65ab35f32d56c8e1
- id: slot:05-formalizations/LS.FORM.009-register-guide-universal.ru.md
  path: PACK-rhetoric/pack/language-style/05-formalizations/LS.FORM.009-register-guide-universal.ru.md
  sha256: 7e05ce26cd8ed9fad138bcfe7219d2a7bf9347fc2d785a4e1e6c9aa1fbc86772
- id: slot:05-formalizations/LS.FORM.010-register-telegram.ru.md
  path: PACK-rhetoric/pack/language-style/05-formalizations/LS.FORM.010-register-telegram.ru.md
  sha256: e67fe0660a8d65e3d31dece0a8280631786c74220d374c3e88be39fef1fa738c
- id: slot:05-formalizations/LS.FORM.011-register-browser.ru.md
  path: PACK-rhetoric/pack/language-style/05-formalizations/LS.FORM.011-register-browser.ru.md
  sha256: 17dbbcdedab1708467988dd3cf774edf4638000fb83116f839f79016f4ffec7c
